
Microsoft Visual Studio Solution File, Format Version 12.00
# Visual Studio Version 17
VisualStudioVersion = 17.2.32616.157
MinimumVisualStudioVersion = 10.0.40219.1
Project("{FAE04EC0-301F-11D3-BF4B-00C04F79EFBC}") = "NelloCom", "NelloCom\NelloCom.csproj", "{55FA35D1-FC13-4FF6-9228-6E0142427370}"
EndProject
Global
	GlobalSection(SolutionConfigurationPlatforms) = preSolution
		Debug|Any CPU = Debug|Any CPU
		Debug|x64 = Debug|x64
		Debug|x86 = Debug|x86
		Release|Any CPU = Release|Any CPU
		Release|x64 = Release|x64
		Release|x86 = Release|x86
	EndGlobalSection
	GlobalSection(ProjectConfigurationPlatforms) = postSolution
		{55FA35D1-FC13-4FF6-9228-6E0142427370}.Debug|Any CPU.ActiveCfg = Debug|Any CPU
		{55FA35D1-FC13-4FF6-9228-6E0142427370}.Debug|Any CPU.Build.0 = Debug|Any CPU
		{55FA35D1-FC13-4FF6-9228-6E0142427370}.Debug|x64.ActiveCfg = Debug|Any CPU
		{55FA35D1-FC13-4FF6-9228-6E0142427370}.Debug|x64.Build.0 = Debug|Any CPU
		{55FA35D1-FC13-4FF6-9228-6E0142427370}.Debug|x86.ActiveCfg = Debug|Any CPU
		{55FA35D1-FC13-4FF6-9228-6E0142427370}.Debug|x86.Build.0 = Debug|Any CPU
		{55FA35D1-FC13-4FF6-9228-6E0142427370}.Release|Any CPU.ActiveCfg = Release|Any CPU
		{55FA35D1-FC13-4FF6-9228-6E0142427370}.Release|Any CPU.Build.0 = Release|Any CPU
		{55FA35D1-FC13-4FF6-9228-6E0142427370}.Release|x64.ActiveCfg = Release|Any CPU
		{55FA35D1-FC13-4FF6-9228-6E0142427370}.Release|x64.Build.0 = Release|Any CPU
		{55FA35D1-FC13-4FF6-9228-6E0142427370}.Release|x86.ActiveCfg = Release|Any CPU
		{55FA35D1-FC13-4FF6-9228-6E0142427370}.Release|x86.Build.0 = Release|Any CPU
	EndGlobalSection
	GlobalSection(SolutionProperties) = preSolution
		HideSolutionNode = FALSE
	EndGlobalSection
	GlobalSection(ExtensibilityGlobals) = postSolution
		SolutionGuid = {244A49A8-2E5A-48BF-A81B-FF4E549E2CCA}
	EndGlobalSection
EndGlobal
